
Microsoft Visual Studio Solution File, Format Version 12.00
# Visual Studio Version 17
VisualStudioVersion = 17.8.34601.278
MinimumVisualStudioVersion = 10.0.40219.1
Project("{FAE04EC0-301F-11D3-BF4B-00C04F79EFBC}") = "Software_Analysis_Final", "Software_Analysis_Final.csproj", "{02E6F3C6-5490-40A5-B680-2037CC2DF4AF}"
EndProject
Global
	GlobalSection(SolutionConfigurationPlatforms) = preSolution
		Debug|Any CPU = Debug|Any CPU
		Release|Any CPU = Release|Any CPU
	EndGlobalSection
	GlobalSection(ProjectConfigurationPlatforms) = postSolution
		{02E6F3C6-5490-40A5-B680-2037CC2DF4AF}.Debug|Any CPU.ActiveCfg = Debug|Any CPU
		{02E6F3C6-5490-40A5-B680-2037CC2DF4AF}.Debug|Any CPU.Build.0 = Debug|Any CPU
		{02E6F3C6-5490-40A5-B680-2037CC2DF4AF}.Release|Any CPU.ActiveCfg = Release|Any CPU
		{02E6F3C6-5490-40A5-B680-2037CC2DF4AF}.Release|Any CPU.Build.0 = Release|Any CPU
	EndGlobalSection
	GlobalSection(SolutionProperties) = preSolution
		HideSolutionNode = FALSE
	EndGlobalSection
	GlobalSection(ExtensibilityGlobals) = postSolution
		SolutionGuid = {7B382123-EAF1-4113-88AC-2A1A1E6A465B}
	EndGlobalSection
EndGlobal
